github.com/BurntSushi/toml v1.3.2 h1:o7IhLm0Msx3BaB+n3Ag7L8EVlByGnpq14C4YWiu/gL8=
github.com/BurntSushi/toml v1.3.2/go.mod h1:CxXYINrC8qIiEnFrOxCa7Jy5BFHlXnUU2pbicEuybxQ=
github.com/Masterminds/semver/v3 v3.2.1 h1:RN9w6+7QoMeJVGyfmbcgs28Br8cvmnucEXnY0rYXWg0=
github.com/Masterminds/semver/v3 v3.2.1/go.mod h1:qvl/7zhW3nngYb5+80sSMF+FG2BjYrf8m9wsX0PNOMQ=
github.com/chzyer/logex v1.1.10/go.mod h1:+Ywpsq7O8HXn0nuIou7OrIPyXbp3wmkHB+jjWRnGsAI=
github.com/chzyer/logex v1.2.0/go.mod h1:9+9sk7u7pGNWYMkh0hdiL++6OeibzJccyQU4p4MedaY=
github.com/chzyer/readline v0.0.0-20180603132655-2972be24d48e/go.mod h1:nSuG5e5PlCu98SY8svDHJxuZscDgtXS6KTTbou5AhLI=
github.com/chzyer/readline v1.5.0/go.mod h1:x22KAscuvRqlLoK9CsoYsmxoXZMMFVyOl86cAH8qUic=
github.com/chzyer/test v0.0.0-20180213035817-a1ea475d72b1/go.mod h1:Q3SI9o4m/ZMnBNeIyt5eFwwo7qiLfzFZmjNmxjkiQlU=
github.com/chzyer/test v0.0.0-20210722231415-061457976a23/go.mod h1:Q3SI9o4m/ZMnBNeIyt5eFwwo7qiLfzFZmjNmxjkiQlU=
github.com/creack/pty v1.1.9/go.mod h1:oKZEueFk5CKHvIhNR5MUki03XCEU+Q6VDXinZuGJ33E=
github.com/denisenkom/go-mssqldb v0.9.0/go.mod h1:xbL0rPBG9cCiLr28tMa8zpbdarY27NDyej4t/EjAShU=
github.com/dlclark/regexp2 v1.4.1-0.20201116162257-a2a8dda75c91/go.mod h1:2pZnwuY/m+8K6iRw6wQdMtk+rH5tNGR1i55kozfMjCc=
github.com/dlclark/regexp2 v1.11.4 h1:rPYF9/LECdNymJufQKmri9gV604RvvABwgOA8un7yAo=
github.com/dlclark/regexp2 v1.11.4/go.mod h1:DHkYz0B9wPfa6wondMfaivmHpzrQ3v9q8cnmRbL6yW8=
github.com/dop251/goja v0.0.0-20211022113120-dc8c55024d06/go.mod h1:R9ET47fwRVRPZnOGvHxxhuZcbrMCuiqOz3Rlrh4KSnk=
github.com/dop251/goja v0.0.0-20250531102226-cb187b08699c h1:In87uFQZsuGfjDDNfWnzMVY6JVTwc8XYMl6W2DAmNjk=
github.com/dop251/goja v0.0.0-20250531102226-cb187b08699c/go.mod h1:MxLav0peU43GgvwVgNbLAj1s/bSGboKkhuULvq/7hx4=
github.com/dop251/goja_nodejs v0.0.0-20210225215109-d91c329300e7/go.mod h1:hn7BA7c8pLvoGndExHudxTDKZ84Pyvv+90pbBjbTz0Y=
github.com/dop251/goja_nodejs v0.0.0-20211022123610-8dd9abb0616d/go.mod h1:DngW8aVqWbuLRMHItjPUyqdj+HWPvnQe8V8y1nDpIbM=
github.com/fsnotify/fsnotify v1.7.0 h1:8JEhPFa5W2WU7YfeZzPNqzMP6Lwt7L2715Ggo0nosvA=
github.com/fsnotify/fsnotify v1.7.0/go.mod h1:40Bi/Hjc2AVfZrqy+aj+yEI+/bRxZnMJyTJwOpGvigM=
github.com/go-sourcemap/sourcemap v2.1.3+incompatible h1:W1iEw64niKVGogNgBN3ePyLFfuisuzeidWPMPWmECqU=
github.com/go-sourcemap/sourcemap v2.1.3+incompatible/go.mod h1:F8jJfvm2KbVjc5NqelyYJmf/v5J0dwNLS2mL4sNA1Jg=
github.com/go-sql-driver/mysql v1.5.0 h1:ozyZYNQW3x3HtqT1jira07DN2PArx2v7/mN66gGcHOs=
github.com/go-sql-driver/mysql v1.5.0/go.mod h1:DCzpHaOWr8IXmIStZouvnhqoel9Qv2LBy8hT2VhHyBg=
github.com/golang-sql/civil v0.0.0-20190719163853-cb61b32ac6fe/go.mod h1:8vg3r2VgvsThLBIFL93Qb5yWzgyZWhEmBwUJWevAkK0=
github.com/gomodule/redigo v2.0.0+incompatible/go.mod h1:B4C85qUVwatsJoIUNIfCRsp7qO0iAmpGFZ4EELWSbC4=
github.com/google/pprof v0.0.0-20230207041349-798e818bf904/go.mod h1:uglQLonpP8qtYCYyzA+8c/9qtqgA3qsXGYqCPKARAFg=
github.com/google/pprof v0.0.0-20230926050212-f7f687d19a98 h1:pUa4ghanp6q4IJHwE9RwLgmVFfReJN+KbQ8ExNEUUoQ=
github.com/google/pprof v0.0.0-20230926050212-f7f687d19a98/go.mod h1:czg5+yv1E0ZGTi6S6vVK1mke0fV+FaUhNGcd6VRS9Ik=
github.com/gorilla/websocket v1.5.1 h1:gmztn0JnHVt9JZquRuzLw3g4wouNVzKL15iLr/zn/QY=
github.com/gorilla/websocket v1.5.1/go.mod h1:x3kM2JMyaluk02fnUJpQuwD2dCS5NDG2ZHL0uE0tcaY=
github.com/herb-go/connections v0.0.0-20230223155109-0db0fbe9c7e0 h1:InwDuwrOHZNQzF1gtpb7L3nE9GdAyBJhLon62BMrBew=
github.com/herb-go/connections v0.0.0-20230223155109-0db0fbe9c7e0/go.mod h1:8imvfc+r4d0N+rDtm3RUmRJ10uJxgnkTrac6KQojc40=
github.com/herb-go/datasource v0.0.0-20201124135106-df914dd955dd/go.mod h1:LwVuC9ian/wLoaNe9HSrqfGsK8Y6hc6lBg3AMhD8ozk=
github.com/herb-go/datasource v0.0.0-20211122123843-a3546acd0d8d h1:FnyR7t0dmvpeZ24jldt2LwNlmqumTUNxEZlmO10Ka9M=
github.com/herb-go/datasource v0.0.0-20211122123843-a3546acd0d8d/go.mod h1:VFDCNa6YNGvEy3YPg9cBdr2aYFEQagXVXbqfU8zwzb4=
github.com/herb-go/datasource-drivers v0.0.0-20201011165914-7717acb90545 h1:WyV3ABpu5GhTxeJe2yYrCi5NZSgox4tdnfRCQiYvLBg=
github.com/herb-go/datasource-drivers v0.0.0-20201011165914-7717acb90545/go.mod h1:ANYyxzgRT+z0jfCswVTJ4bWKdT9sBsnPzASfc/YJzwE=
github.com/herb-go/fetcher v0.0.0-20220302132653-137ec53a4293 h1:XO+/ukOJf9g7Yyd+kNcYKgH1Qd+dcFYIcHILYR5ii2k=
github.com/herb-go/fetcher v0.0.0-20220302132653-137ec53a4293/go.mod h1:OaQ31Atp11eU+KOG6Iz0tYL6EzDGoVwNLfzUvOZCPn8=
github.com/herb-go/herb v0.0.0-20220217124526-724bf7d5e579 h1:Nq3+RZRUi3fOlrA5UNlbJsBTyoDz1wACYLarwewcFxY=
github.com/herb-go/herb v0.0.0-20220217124526-724bf7d5e579/go.mod h1:epDwnEWl9B23uBEKz8mLk0GuHm04MSp4rnIZev0wiwA=
github.com/herb-go/herb-drivers v0.0.0-20210401170439-32eb00e8f0d5 h1:bYs8pCWVDu6lIALEQ87v+L3tX/3FVgcug4itUPtoUss=
github.com/herb-go/herb-drivers v0.0.0-20210401170439-32eb00e8f0d5/go.mod h1:LWVMZGHn4+7pXIFd30oLj36zSwLomKxWiWFsF+vY0ZQ=
github.com/herb-go/herbconfig v0.0.0-20210201131438-44d8e331b703 h1:aEnFmsx4aq/edjRn7bw58LAxR52X9oouWeEE//SgIpg=
github.com/herb-go/herbconfig v0.0.0-20210201131438-44d8e331b703/go.mod h1:Ws/99AdD6PWdGzCoVvqaPMU/qgJJxJTBykFz+20sd/E=
github.com/herb-go/herbdata v0.0.0-20211208163122-48f0cedda4b4 h1:S074LCn0hNuwXBzD8K2BQbT5KyKct4c535YdHyd9Tc8=
github.com/herb-go/herbdata v0.0.0-20211208163122-48f0cedda4b4/go.mod h1:oZik9+D5l2MMRZ1QLGvkKSFkAvCuE/kFHWV2nE7GexY=
github.com/herb-go/herbsecurity v0.0.0-20210518130010-5aca00c8cb23 h1:zRWOZTMT2tFhuo4sN23ajj06Nyc2CvFMJgeU6gM3h5Q=
github.com/herb-go/herbsecurity v0.0.0-20210518130010-5aca00c8cb23/go.mod h1:3qTDE6F//Y8r1GnVvVZuTi3TUnRY/KbbehEJBpSt9uU=
github.com/herb-go/herbtext v0.0.0-20210303154930-6bc39729d65f h1:fBTyOkPrl1YAPlsxjyFWLO0R3FmKlRxTdiyORl79adA=
github.com/herb-go/herbtext v0.0.0-20210303154930-6bc39729d65f/go.mod h1:YHoGOZIKCMSeAm5RtZ4gdst9YLWfDETiBIWidVm0VSw=
github.com/herb-go/herbtext-drivers v0.0.0-20210130160355-3de8ebdb8dbe h1:IvQQxV+QWuiOMYAuLVWCbpkK+DqfDXW78mqZ1OQkXRg=
github.com/herb-go/herbtext-drivers v0.0.0-20210130160355-3de8ebdb8dbe/go.mod h1:CgxHFqvl+ISgOg2viKjgqk1vYVJ+1kHY0Hc37JF6u+s=
github.com/herb-go/logger v0.0.0-20210115164802-8259bb9dcc90 h1:bgr4Q5iG44ihO3NZK109xh3QMR5+r6q2Q9hWJhvMJcU=
github.com/herb-go/logger v0.0.0-20210115164802-8259bb9dcc90/go.mod h1:Unbyc9sDRQawPLG4O6/AgqLF6/n/T7X58ft3QJOwuCI=
github.com/herb-go/misc v0.0.0-20211126182020-07f86379a857 h1:ffMPa0PMee7U+TDhacohhKmvsty5ORsYrfsL/ZMsoP8=
github.com/herb-go/misc v0.0.0-20211126182020-07f86379a857/go.mod h1:BN0WWQ5UZCd37QpMXm2qXx55Eqonjioa0eQ+VgOivsY=
github.com/herb-go/notification v0.0.0-20210302124907-803885c438c3 h1:8vvRbv2DkZQoTu+sTP+TNGViEcRxfcJYxvTGhgS3svg=
github.com/herb-go/notification v0.0.0-20210302124907-803885c438c3/go.mod h1:1Zzsrc5tv4WvRtSB0hiYayGrMc3GTr+JfhKpPIyLnuM=
github.com/herb-go/notification-drivers v0.0.0-20210822103310-c7c872299d2b h1:+AEe/q6ZX36FqMfJtQlLorUumIFtLAF3YiaCRcFW5Yo=
github.com/herb-go/notification-drivers v0.0.0-20210822103310-c7c872299d2b/go.mod h1:kGEy5FkpvYdZ1M21pLXV+T9BXE4eFmQCMUqVW9b1hfg=
github.com/herb-go/uniqueid v0.0.0-20210304163719-ac56f6357531 h1:api8pHgzqqq99X56e+80gP06jd54ARx562YoGrmRMYQ=
github.com/herb-go/uniqueid v0.0.0-20210304163719-ac56f6357531/go.mod h1:Anvh+YXng5fWGXy9Y6oWcTUUYQlXHzgeVh/0as237EM=
github.com/herb-go/util v0.0.0-20230321163403-6a757b251968 h1:/yee8KpavOOQbKwJY3jhYPebBapXvH985+KzAl9Ljo8=
github.com/herb-go/util v0.0.0-20230321163403-6a757b251968/go.mod h1:lhVdeH5IRD13aZn8ca5h6lq/ABDC9cFbfuXJfHK3oxo=
github.com/herb-go/worker v0.0.0-20210318151232-dbaf101c7d73 h1:SipUePmeYLlptd3NgikXBg8ebHEo8IZFaq91UdaiWt0=
github.com/herb-go/worker v0.0.0-20210318151232-dbaf101c7d73/go.mod h1:EuxhyAY14GgxIAKMDACoGzel9Of+11mDhWGrl7fkbQo=
github.com/ianlancetaylor/demangle v0.0.0-20220319035150-800ac71e25c2/go.mod h1:aYm2/VgdVmcIU8iMfdMvDMsRAQjcfZSKFby6HOFvi/w=
github.com/jarlyyn/ansi v0.0.0-20190201160528-f316c0e428ce h1:I6nl8yaDFh91E/dq4/TMe/y92MOXtypsY5dL/LCLCPw=
github.com/jarlyyn/ansi v0.0.0-20190201160528-f316c0e428ce/go.mod h1:ERIZX3zLBWh/atzC9vfuC0JhLhcLtzNcdJCJp5N1MBQ=
github.com/jarlyyn/golang-pkg-pcre v0.0.0-20240621170938-332279f3b0ba h1:196wkALPK5cJwI99WpGB2At7zlYuyCAMMs6Wa8PJvN0=
github.com/jarlyyn/golang-pkg-pcre v0.0.0-20240621170938-332279f3b0ba/go.mod h1:kKTkas2FilKHjt6BmTj4+i08zQSVODOf3wTEUbkKVWo=
github.com/jarlyyn/telnet v0.0.0-20220825184623-f7331809d33a h1:FbDbIMTprpx/b8QYCxK/tQqOmfAgTsBqG7lws5t9I7Q=
github.com/jarlyyn/telnet v0.0.0-20220825184623-f7331809d33a/go.mod h1:x1s2DpI93+/ZvUVTjXvmKIoB0+nE5Ie/8j8gUhnNyMc=
github.com/jordan-wright/email v4.0.1-0.20210109023952-943e75fe5223+incompatible h1:jdpOPRN1zP63Td1hDQbZW73xKmzDvZHzVdNYxhnTMDA=
github.com/jordan-wright/email v4.0.1-0.20210109023952-943e75fe5223+incompatible/go.mod h1:1c7szIrayyPPB/987hsnvNzLushdWf4o/79s3P08L8A=
github.com/kr/pretty v0.1.0/go.mod h1:dAy3ld7l9f0ibDNOQOHHMYYIIbhfbHSm3C4ZsoJORNo=
github.com/kr/pretty v0.2.1/go.mod h1:ipq/a2n7PKx3OHsz4KJII5eveXtPO4qwEXGdVfWzfnI=
github.com/kr/pretty v0.3.0 h1:WgNl7dwNpEZ6jJ9k1snq4pZsg7DOEN8hP9Xw0Tsjwk0=
github.com/kr/pretty v0.3.0/go.mod h1:640gp4NfQd8pI5XOwp5fnNeVWj67G7CFk/SaSQn7NBk=
github.com/kr/pty v1.1.1/go.mod h1:pFQYn66WHrOpPYNljwOMqo10TkYh1fy3cYio2l3bCsQ=
github.com/kr/text v0.1.0/go.mod h1:4Jbv+DJW3UT/LiOwJeYQe1efqtUx/iVham/4vfdArNI=
github.com/kr/text v0.2.0 h1:5Nx0Ya0ZqY2ygV366QzturHI13Jq95ApcVaJBhpS+AY=
github.com/kr/text v0.2.0/go.mod h1:eLer722TekiGuMkidMxC/pM04lWEeraHUUmBw8l2grE=
github.com/lib/pq v1.9.0/go.mod h1:AlVN5x4E4T544tWzH6hKfbfQvm3HdbOxrmggDNAPY9o=
github.com/mattn/go-sqlite3 v1.14.6/go.mod h1:NyWgC/yNuGj7Q9rpYnZvas74GogHl5/Z4A/KQRfk6bU=
github.com/rogpeppe/go-internal v1.6.1 h1:/FiVV8dS/e+YqF2JvO3yXRFbBLTIuSDkuC7aBOAvL+k=
github.com/rogpeppe/go-internal v1.6.1/go.mod h1:xXDCJY+GAPziupqXw64V24skbSoqbTEfhy4qGm1nDQc=
github.com/satori/go.uuid v1.2.0 h1:0uYX9dsZ2yD7q2RtLRtPSdGDWzjeM3TbMJP9utgA0ww=
github.com/satori/go.uuid v1.2.0/go.mod h1:dA0hQrYB0VpLJoorglMZABFdXlWrHn1NEOzdhQKdks0=
github.com/yuin/goldmark v1.4.13/go.mod h1:6yULJ656Px+3vBD8DxQVa3kxgyrAnzto9xy5taEt/CY=
github.com/yuin/gopher-lua v1.1.1 h1:kYKnWBjvbNP4XLT3+bPEwAXJx262OhaHDWDVOPjL46M=
github.com/yuin/gopher-lua v1.1.1/go.mod h1:GBR0iDaNXjAgGg9zfCvksxSRnQx76gclCIb7kdAd1Pw=
golang.org/x/crypto v0.0.0-20190308221718-c2843e01d9a2/go.mod h1:djNgcEr1/C05ACkg1iLfiJU5Ep61QUkGW8qpdssI0+w=
golang.org/x/crypto v0.0.0-20190325154230-a5d413f7728c/go.mod h1:djNgcEr1/C05ACkg1iLfiJU5Ep61QUkGW8qpdssI0+w=
golang.org/x/crypto v0.0.0-20210921155107-089bfa567519/go.mod h1:GvvjBRRGRdwPK5ydBHafDWAxML/pGHZbMvKqRZ5+Abc=
golang.org/x/mod v0.6.0-dev.0.20220419223038-86c51ed26bb4/go.mod h1:jJ57K6gSWd91VN4djpZkiMVwK6gcyfeH4XE8wZrZaV4=
golang.org/x/net v0.0.0-20190620200207-3b0461eec859/go.mod h1:z5CRVTTTmAJ677TzLLGU+0bjPO0LkuOLi4/5GtJWs/s=
golang.org/x/net v0.0.0-20210226172049-e18ecbb05110/go.mod h1:m0MpNAwzfU5UDzcl9v0D8zg8gWTRqZa9RBIspLL5mdg=
golang.org/x/net v0.0.0-20220722155237-a158d28d115b/go.mod h1:XRhObCWvk6IyKnWLug+ECip1KBveYUHfp+8e9klMJ9c=
golang.org/x/net v0.22.0 h1:9sGLhx7iRIHEiX0oAJ3MRZMUCElJgy7Br1nO+AMN3Tc=
golang.org/x/net v0.22.0/go.mod h1:JKghWKKOSdJwpW2GEx0Ja7fmaKnMsbu+MWVZTokSYmg=
golang.org/x/sync v0.0.0-20190423024810-112230192c58/go.mod h1:RxMgew5VJxzue5/jJTE5uejpjVlOe/izrB70Jof72aM=
golang.org/x/sync v0.0.0-20220722155255-886fb9371eb4/go.mod h1:RxMgew5VJxzue5/jJTE5uejpjVlOe/izrB70Jof72aM=
golang.org/x/sys v0.0.0-20190204203706-41f3e6584952/go.mod h1:STP8DvDyc/dI5b8T5hshtkjS+E42TnysNCUPdjciGhY=
golang.org/x/sys v0.0.0-20190215142949-d0b11bdaac8a/go.mod h1:STP8DvDyc/dI5b8T5hshtkjS+E42TnysNCUPdjciGhY=
golang.org/x/sys v0.0.0-20201119102817-f84b799fce68/go.mod h1:h1NjWce9XRLGQEsW7wpKNCjG9DtNlClVuFLEZdDNbEs=
golang.org/x/sys v0.0.0-20210615035016-665e8c7367d1/go.mod h1:oPkhp1MJrh7nUepCBck5+mAzfO9JrbApNNgaTdGDITg=
golang.org/x/sys v0.0.0-20220310020820-b874c991c1a5/go.mod h1:oPkhp1MJrh7nUepCBck5+mAzfO9JrbApNNgaTdGDITg=
golang.org/x/sys v0.0.0-20220520151302-bc2c85ada10a/go.mod h1:oPkhp1MJrh7nUepCBck5+mAzfO9JrbApNNgaTdGDITg=
golang.org/x/sys v0.0.0-20220722155257-8c9f86f7a55f/go.mod h1:oPkhp1MJrh7nUepCBck5+mAzfO9JrbApNNgaTdGDITg=
golang.org/x/sys v0.18.0 h1:DBdB3niSjOA/O0blCZBqDefyWNYveAYMNF1Wum0DYQ4=
golang.org/x/sys v0.18.0/go.mod h1:/VUhepiaJMQUp4+oa/7Zr1D23ma6VTLIYjOOTFZPUcA=
golang.org/x/term v0.0.0-20201126162022-7de9c90e9dd1/go.mod h1:bj7SfCRtBDWHUb9snDiAeCFNEtKQo2Wmx5Cou7ajbmo=
golang.org/x/term v0.0.0-20210927222741-03fcf44c2211/go.mod h1:jbD1KX2456YbFQfuXm/mYQcufACuNUgVhRMnK/tPxf8=
golang.org/x/text v0.3.0/go.mod h1:NqM8EUOU14njkJ3fqMW+pc6Ldnwhi/IjpwHt7yyuwOQ=
golang.org/x/text v0.3.3/go.mod h1:5Zoc/QRtKVWzQhOtBMvqHzDpF6irO9z98xDceosuGiQ=
golang.org/x/text v0.3.6/go.mod h1:5Zoc/QRtKVWzQhOtBMvqHzDpF6irO9z98xDceosuGiQ=
golang.org/x/text v0.3.7/go.mod h1:u+2+/6zg+i71rQMx5EYifcz6MCKuco9NR6JIITiCfzQ=
golang.org/x/text v0.3.8/go.mod h1:E6s5w1FMmriuDzIBO73fBruAKo1PCIq6d2Q6DHfQ8WQ=
golang.org/x/text v0.4.0/go.mod h1:mrYo+phRRbMaCq/xk9113O4dZlRixOauAjOtrjsXDZ8=
golang.org/x/text v0.14.0 h1:ScX5w1eTa3QqT8oi6+ziP7dTV1S2+ALU0bI+0zXKWiQ=
golang.org/x/text v0.14.0/go.mod h1:18ZOQIKpY8NJVqYksKHtTdi31H5itFRjB5/qKTNYzSU=
golang.org/x/tools v0.0.0-20180917221912-90fa682c2a6e/go.mod h1:n7NCudcB/nEzxVGmLbDWY5pfWTLqBcC2KZ6jyYvM4mQ=
golang.org/x/tools v0.0.0-20191119224855-298f0cb1881e/go.mod h1:b+2E5dAYhXwXZwtnZ6UAqBI28+e2cm9otk0dWdXHAEo=
golang.org/x/tools v0.1.12/go.mod h1:hNGJHUnrk76NpqgfD5Aqm5Crs+Hm0VOH/i9J2+nxYbc=
golang.org/x/xerrors v0.0.0-20190717185122-a985d3407aa7/go.mod h1:I/5z698sn9Ka8TeJc9MKroUUfqBBauWjQqLJ2OPfmY0=
gopkg.in/check.v1 v0.0.0-20161208181325-20d25e280405/go.mod h1:Co6ibVJAznAaIkqp8huTwlJQCZ016jof/cbN4VW5Yz0=
gopkg.in/check.v1 v1.0.0-20180628173108-788fd7840127/go.mod h1:Co6ibVJAznAaIkqp8huTwlJQCZ016jof/cbN4VW5Yz0=
gopkg.in/check.v1 v1.0.0-20201130134442-10cb98267c6c h1:Hei/4ADfdWqJk1ZMxUNpqntNwaWcugrBjAiHlqqRiVk=
gopkg.in/check.v1 v1.0.0-20201130134442-10cb98267c6c/go.mod h1:JHkPIbrfpd72SG/EVd6muEfDQjcINNoR0C8j2r3qZ4Q=
gopkg.in/errgo.v2 v2.1.0/go.mod h1:hNsd1EY+bozCKY1Ytp96fpM3vjJbqLJn88ws8XvfDNI=
gopkg.in/yaml.v2 v2.4.0 h1:D8xgwECY7CYvx+Y2n4sBz93Jn9JRvxdiyyo8CTfuKaY=
gopkg.in/yaml.v2 v2.4.0/go.mod h1:RDklbk79AGWmwhnvt/jBztapEOGDOx6ZbXqjP6csGnQ=
github.com/herb-go/v8go v0.9.0 h1:wYbUCO4h6fjTamziHrzyrPnpFNuzPpjZY+nfmZjNaew=
github.com/herb-go/v8go v0.9.0/go.mod h1:MxgP3pL2MW4dpme/72QRs8sgNMmM0pRc8DPhcuLWPAs=
